
Microsoft Visual Studio Solution File, Format Version 12.00
# Visual Studio Version 16
VisualStudioVersion = 16.0.28803.352
MinimumVisualStudioVersion = 10.0.40219.1
Project("{FAE04EC0-301F-11D3-BF4B-00C04F79EFBC}") = "Task1_WebExtraction", "Task1_WebExtraction\Task1_WebExtraction.csproj", "{1A542345-102C-4CFC-88DF-646A13400461}"
EndProject
Global
	GlobalSection(SolutionConfigurationPlatforms) = preSolution
		Debug|Any CPU = Debug|Any CPU
		Release|Any CPU = Release|Any CPU
	EndGlobalSection
	GlobalSection(ProjectConfigurationPlatforms) = postSolution
		{1A542345-102C-4CFC-88DF-646A13400461}.Debug|Any CPU.ActiveCfg = Debug|Any CPU
		{1A542345-102C-4CFC-88DF-646A13400461}.Debug|Any CPU.Build.0 = Debug|Any CPU
		{1A542345-102C-4CFC-88DF-646A13400461}.Release|Any CPU.ActiveCfg = Release|Any CPU
		{1A542345-102C-4CFC-88DF-646A13400461}.Release|Any CPU.Build.0 = Release|Any CPU
	EndGlobalSection
	GlobalSection(SolutionProperties) = preSolution
		HideSolutionNode = FALSE
	EndGlobalSection
	GlobalSection(ExtensibilityGlobals) = postSolution
		SolutionGuid = {A2D07062-5B2E-45A0-84BA-801460BB1F00}
	EndGlobalSection
EndGlobal
